{
    "_readme": [
        "This file locks the dependencies of your project to a known state",
        "Read more about it at https://getcomposer.org/doc/01-basic-usage.md#installing-dependencies",
        "This file is @generated automatically"
    ],
    "content-hash": "c4c4e26a68d0acab5dbed21e0bbce3f1",
    "packages": [
        {
            "name": "rawr/t-regx",
            "version": "0.23.1",
            "source": {
                "type": "git",
                "url": "https://github.com/T-Regx/T-Regx.git",
                "reference": "790c0d10744c3b6d39bdbacdc853640b4d41fa3f"
            },
            "dist": {
                "type": "zip",
                "url": "https://api.github.com/repos/T-Regx/T-Regx/zipball/790c0d10744c3b6d39bdbacdc853640b4d41fa3f",
                "reference": "790c0d10744c3b6d39bdbacdc853640b4d41fa3f",
                "shasum": ""
            },
            "require": {
                "ext-mbstring": "*",
                "php": "~8.0.0 | >=7.1.0"
            },
            "require-dev": {
                "ext-json": "*",
                "php-coveralls/php-coveralls": "^2.0",
                "phpunit/phpunit": "^9.5.4 || ^8.0 || ^7.5",
                "rawr/cross-data-providers": "^2.3.0",
                "rawr/fqn-check": "^1.2.0",
                "symfony/console": "<6.0"
            },
            "type": "library",
            "autoload": {
                "files": [
                    "helper/helper.php"
                ],
                "psr-4": {
                    "TRegx\\": "src/"
                }
            },
            "notification-url": "https://packagist.org/downloads/",
            "license": [
                "MIT"
            ],
            "description": "#StandWithUkraine",
            "keywords": [
                "OOP",
                "PCRE",
                "TDD",
                "automatic delimiters",
                "clean",
                "delimiters",
                "expression",
                "php",
                "preg",
                "preg_match",
                "preg_match_all",
                "preg_quote",
                "preg_replace",
                "preg_replace_callback",
                "prepared patterns",
                "regex",
                "regexp",
                "regular",
                "t-regx"
            ],
            "support": {
                "issues": "https://github.com/T-Regx/T-Regx/issues",
                "source": "https://github.com/T-Regx/T-Regx/tree/0.23.1"
            },
            "funding": [
                {
                    "url": "https://github.com/Danon",
                    "type": "github"
                }
            ],
            "time": "2022-04-17T18:12:05+00:00"
        }
    ],
    "packages-dev": [],
    "aliases": [],
    "minimum-stability": "stable",
    "stability-flags": [],
    "prefer-stable": false,
    "prefer-lowest": false,
    "platform": {
        "php": ">=7.1.0",
        "ext-pcre": "*"
    },
    "platform-dev": [],
    "plugin-api-version": "2.0.0"
}
