{
    "_readme": [
        "This file locks the dependencies of your project to a known state",
        "Read more about it at https://getcomposer.org/doc/01-basic-usage.md#installing-dependencies",
        "This file is @generated automatically"
    ],
    "content-hash": "239f1002a82dd3df5d05afa20dee72a2",
    "packages": [
        {
            "name": "yahnis-elsts/ajax-wrapper",
            "version": "dev-master",
            "source": {
                "type": "git",
                "url": "https://github.com/YahnisElsts/ajax-wrapper.git",
                "reference": "55dc60fbb579d781f3375748ddc6aa2b45772a34"
            },
            "dist": {
                "type": "zip",
                "url": "https://api.github.com/repos/YahnisElsts/ajax-wrapper/zipball/55dc60fbb579d781f3375748ddc6aa2b45772a34",
                "reference": "55dc60fbb579d781f3375748ddc6aa2b45772a34",
                "shasum": ""
            },
            "default-branch": true,
            "type": "library",
            "autoload": {
                "files": [
                    "AjaxWrapper.php"
                ]
            },
            "notification-url": "https://packagist.org/downloads/",
            "license": [
                "MIT"
            ],
            "authors": [
                {
                    "name": "Yahnis Elsts",
                    "email": "whiteshadow@w-shadow.com"
                }
            ],
            "description": "AJAX action wrapper for WordPress",
            "support": {
                "issues": "https://github.com/YahnisElsts/ajax-wrapper/issues",
                "source": "https://github.com/YahnisElsts/ajax-wrapper/tree/master"
            },
            "time": "2024-01-11T14:53:43+00:00"
        },
        {
            "name": "yahnis-elsts/plugin-update-checker",
            "version": "dev-master",
            "source": {
                "type": "git",
                "url": "https://github.com/YahnisElsts/plugin-update-checker.git",
                "reference": "0a8fd4ad3a79f95f4bbadaa7eba6c815a72c60ee"
            },
            "dist": {
                "type": "zip",
                "url": "https://api.github.com/repos/YahnisElsts/plugin-update-checker/zipball/0a8fd4ad3a79f95f4bbadaa7eba6c815a72c60ee",
                "reference": "0a8fd4ad3a79f95f4bbadaa7eba6c815a72c60ee",
                "shasum": ""
            },
            "require": {
                "ext-json": "*",
                "php": ">=5.6.20"
            },
            "default-branch": true,
            "type": "library",
            "autoload": {
                "files": [
                    "load-v5p3.php"
                ]
            },
            "notification-url": "https://packagist.org/downloads/",
            "license": [
                "MIT"
            ],
            "authors": [
                {
                    "name": "Yahnis Elsts",
                    "email": "whiteshadow@w-shadow.com",
                    "homepage": "https://w-shadow.com/",
                    "role": "Developer"
                }
            ],
            "description": "A custom update checker for WordPress plugins and themes. Useful if you can't host your plugin in the official WP repository but still want it to support automatic updates.",
            "homepage": "https://github.com/YahnisElsts/plugin-update-checker/",
            "keywords": [
                "automatic updates",
                "plugin updates",
                "theme updates",
                "wordpress"
            ],
            "support": {
                "issues": "https://github.com/YahnisElsts/plugin-update-checker/issues",
                "source": "https://github.com/YahnisElsts/plugin-update-checker/tree/master"
            },
            "time": "2024-01-19T13:40:36+00:00"
        }
    ],
    "packages-dev": [],
    "aliases": [],
    "minimum-stability": "stable",
    "stability-flags": {
        "yahnis-elsts/ajax-wrapper": 20,
        "yahnis-elsts/plugin-update-checker": 20
    },
    "prefer-stable": false,
    "prefer-lowest": false,
    "platform": [],
    "platform-dev": [],
    "plugin-api-version": "2.3.0"
}
