{
    "_readme": [
        "This file locks the dependencies of your project to a known state",
        "Read more about it at https://getcomposer.org/doc/01-basic-usage.md#installing-dependencies",
        "This file is @generated automatically"
    ],
    "content-hash": "e241cc8509b1b35951586ae8d4c8aa1d",
    "packages": [
        {
            "name": "deliciousbrains/wp-background-processing",
            "version": "1.4.0",
            "source": {
                "type": "git",
                "url": "https://github.com/deliciousbrains/wp-background-processing.git",
                "reference": "7ca7cc3504333db3a291bbab7f1917124fba4816"
            },
            "dist": {
                "type": "zip",
                "url": "https://api.github.com/repos/deliciousbrains/wp-background-processing/zipball/7ca7cc3504333db3a291bbab7f1917124fba4816",
                "reference": "7ca7cc3504333db3a291bbab7f1917124fba4816",
                "shasum": ""
            },
            "require": {
                "php": ">=7.0"
            },
            "require-dev": {
                "phpcompatibility/phpcompatibility-wp": "*",
                "phpunit/phpunit": "^8.0",
                "spryker/code-sniffer": "^0.17.18",
                "wp-coding-standards/wpcs": "^2.3",
                "yoast/phpunit-polyfills": "^1.0"
            },
            "suggest": {
                "coenjacobs/mozart": "Easily wrap this library with your own prefix, to prevent collisions when multiple plugins use this library"
            },
            "type": "library",
            "autoload": {
                "classmap": [
                    "classes/"
                ]
            },
            "notification-url": "https://packagist.org/downloads/",
            "license": [
                "GPL-2.0-or-later"
            ],
            "authors": [
                {
                    "name": "Delicious Brains",
                    "email": "nom@deliciousbrains.com"
                }
            ],
            "description": "WP Background Processing can be used to fire off non-blocking asynchronous requests or as a background processing tool, allowing you to queue tasks.",
            "support": {
                "issues": "https://github.com/deliciousbrains/wp-background-processing/issues",
                "source": "https://github.com/deliciousbrains/wp-background-processing/tree/1.4.0"
            },
            "time": "2024-12-17T14:04:30+00:00"
        },
        {
            "name": "matthiasmullie/minify",
            "version": "1.3.75",
            "source": {
                "type": "git",
                "url": "https://github.com/matthiasmullie/minify.git",
                "reference": "76ba4a5f555fd7bf4aa408af608e991569076671"
            },
            "dist": {
                "type": "zip",
                "url": "https://api.github.com/repos/matthiasmullie/minify/zipball/76ba4a5f555fd7bf4aa408af608e991569076671",
                "reference": "76ba4a5f555fd7bf4aa408af608e991569076671",
                "shasum": ""
            },
            "require": {
                "ext-pcre": "*",
                "matthiasmullie/path-converter": "~1.1",
                "php": ">=5.3.0"
            },
            "require-dev": {
                "friendsofphp/php-cs-fixer": ">=2.0",
                "matthiasmullie/scrapbook": ">=1.3",
                "phpunit/phpunit": ">=4.8"
            },
            "suggest": {
                "psr/cache-implementation": "Cache implementation to use with Minify::cache"
            },
            "bin": [
                "bin/minifycss",
                "bin/minifyjs"
            ],
            "type": "library",
            "autoload": {
                "psr-4": {
                    "MatthiasMullie\\Minify\\": "src/"
                }
            },
            "notification-url": "https://packagist.org/downloads/",
            "license": [
                "MIT"
            ],
            "authors": [
                {
                    "name": "Matthias Mullie",
                    "email": "minify@mullie.eu",
                    "homepage": "https://www.mullie.eu",
                    "role": "Developer"
                }
            ],
            "description": "CSS & JavaScript minifier, in PHP. Removes whitespace, strips comments, combines files (incl. @import statements and small assets in CSS files), and optimizes/shortens a few common programming patterns.",
            "homepage": "https://github.com/matthiasmullie/minify",
            "keywords": [
                "JS",
                "css",
                "javascript",
                "minifier",
                "minify"
            ],
            "support": {
                "issues": "https://github.com/matthiasmullie/minify/issues",
                "source": "https://github.com/matthiasmullie/minify/tree/1.3.75"
            },
            "funding": [
                {
                    "url": "https://github.com/matthiasmullie",
                    "type": "github"
                }
            ],
            "time": "2025-06-25T09:56:19+00:00"
        },
        {
            "name": "matthiasmullie/path-converter",
            "version": "1.1.3",
            "source": {
                "type": "git",
                "url": "https://github.com/matthiasmullie/path-converter.git",
                "reference": "e7d13b2c7e2f2268e1424aaed02085518afa02d9"
            },
            "dist": {
                "type": "zip",
                "url": "https://api.github.com/repos/matthiasmullie/path-converter/zipball/e7d13b2c7e2f2268e1424aaed02085518afa02d9",
                "reference": "e7d13b2c7e2f2268e1424aaed02085518afa02d9",
                "shasum": ""
            },
            "require": {
                "ext-pcre": "*",
                "php": ">=5.3.0"
            },
            "require-dev": {
                "phpunit/phpunit": "~4.8"
            },
            "type": "library",
            "autoload": {
                "psr-4": {
                    "MatthiasMullie\\PathConverter\\": "src/"
                }
            },
            "notification-url": "https://packagist.org/downloads/",
            "license": [
                "MIT"
            ],
            "authors": [
                {
                    "name": "Matthias Mullie",
                    "email": "pathconverter@mullie.eu",
                    "homepage": "http://www.mullie.eu",
                    "role": "Developer"
                }
            ],
            "description": "Relative path converter",
            "homepage": "http://github.com/matthiasmullie/path-converter",
            "keywords": [
                "converter",
                "path",
                "paths",
                "relative"
            ],
            "support": {
                "issues": "https://github.com/matthiasmullie/path-converter/issues",
                "source": "https://github.com/matthiasmullie/path-converter/tree/1.1.3"
            },
            "time": "2019-02-05T23:41:09+00:00"
        }
    ],
    "packages-dev": [
        {
            "name": "sabberworm/php-css-parser",
            "version": "v9.3.0",
            "source": {
                "type": "git",
                "url": "https://github.com/MyIntervals/PHP-CSS-Parser.git",
                "reference": "88dbd0f7f91abbfe4402d0a3071e9ff4d81ed949"
            },
            "dist": {
                "type": "zip",
                "url": "https://api.github.com/repos/MyIntervals/PHP-CSS-Parser/zipball/88dbd0f7f91abbfe4402d0a3071e9ff4d81ed949",
                "reference": "88dbd0f7f91abbfe4402d0a3071e9ff4d81ed949",
                "shasum": ""
            },
            "require": {
                "ext-iconv": "*",
                "php": "^7.2.0 || ~8.0.0 || ~8.1.0 || ~8.2.0 || ~8.3.0 || ~8.4.0 || ~8.5.0",
                "thecodingmachine/safe": "^1.3 || ^2.5 || ^3.4"
            },
            "require-dev": {
                "php-parallel-lint/php-parallel-lint": "1.4.0",
                "phpstan/extension-installer": "1.4.3",
                "phpstan/phpstan": "1.12.32 || 2.1.32",
                "phpstan/phpstan-phpunit": "1.4.2 || 2.0.8",
                "phpstan/phpstan-strict-rules": "1.6.2 || 2.0.7",
                "phpunit/phpunit": "8.5.52",
                "rawr/phpunit-data-provider": "3.3.1",
                "rector/rector": "1.2.10 || 2.2.8",
                "rector/type-perfect": "1.0.0 || 2.1.0",
                "squizlabs/php_codesniffer": "4.0.1",
                "thecodingmachine/phpstan-safe-rule": "1.2.0 || 1.4.1"
            },
            "suggest": {
                "ext-mbstring": "for parsing UTF-8 CSS"
            },
            "type": "library",
            "extra": {
                "branch-alias": {
                    "dev-main": "9.4.x-dev"
                }
            },
            "autoload": {
                "files": [
                    "src/Rule/Rule.php",
                    "src/RuleSet/RuleContainer.php"
                ],
                "psr-4": {
                    "Sabberworm\\CSS\\": "src/"
                }
            },
            "notification-url": "https://packagist.org/downloads/",
            "license": [
                "MIT"
            ],
            "authors": [
                {
                    "name": "Raphael Schweikert"
                },
                {
                    "name": "Oliver Klee",
                    "email": "github@oliverklee.de"
                },
                {
                    "name": "Jake Hotson",
                    "email": "jake.github@qzdesign.co.uk"
                }
            ],
            "description": "Parser for CSS Files written in PHP",
            "homepage": "https://www.sabberworm.com/blog/2010/6/10/php-css-parser",
            "keywords": [
                "css",
                "parser",
                "stylesheet"
            ],
            "support": {
                "issues": "https://github.com/MyIntervals/PHP-CSS-Parser/issues",
                "source": "https://github.com/MyIntervals/PHP-CSS-Parser/tree/v9.3.0"
            },
            "time": "2026-03-03T17:31:43+00:00"
        },
        {
            "name": "thecodingmachine/safe",
            "version": "v3.4.0",
            "source": {
                "type": "git",
                "url": "https://github.com/thecodingmachine/safe.git",
                "reference": "705683a25bacf0d4860c7dea4d7947bfd09eea19"
            },
            "dist": {
                "type": "zip",
                "url": "https://api.github.com/repos/thecodingmachine/safe/zipball/705683a25bacf0d4860c7dea4d7947bfd09eea19",
                "reference": "705683a25bacf0d4860c7dea4d7947bfd09eea19",
                "shasum": ""
            },
            "require": {
                "php": "^8.1"
            },
            "require-dev": {
                "php-parallel-lint/php-parallel-lint": "^1.4",
                "phpstan/phpstan": "^2",
                "phpunit/phpunit": "^10",
                "squizlabs/php_codesniffer": "^3.2"
            },
            "type": "library",
            "autoload": {
                "files": [
                    "lib/special_cases.php",
                    "generated/apache.php",
                    "generated/apcu.php",
                    "generated/array.php",
                    "generated/bzip2.php",
                    "generated/calendar.php",
                    "generated/classobj.php",
                    "generated/com.php",
                    "generated/cubrid.php",
                    "generated/curl.php",
                    "generated/datetime.php",
                    "generated/dir.php",
                    "generated/eio.php",
                    "generated/errorfunc.php",
                    "generated/exec.php",
                    "generated/fileinfo.php",
                    "generated/filesystem.php",
                    "generated/filter.php",
                    "generated/fpm.php",
                    "generated/ftp.php",
                    "generated/funchand.php",
                    "generated/gettext.php",
                    "generated/gmp.php",
                    "generated/gnupg.php",
                    "generated/hash.php",
                    "generated/ibase.php",
                    "generated/ibmDb2.php",
                    "generated/iconv.php",
                    "generated/image.php",
                    "generated/imap.php",
                    "generated/info.php",
                    "generated/inotify.php",
                    "generated/json.php",
                    "generated/ldap.php",
                    "generated/libxml.php",
                    "generated/lzf.php",
                    "generated/mailparse.php",
                    "generated/mbstring.php",
                    "generated/misc.php",
                    "generated/mysql.php",
                    "generated/mysqli.php",
                    "generated/network.php",
                    "generated/oci8.php",
                    "generated/opcache.php",
                    "generated/openssl.php",
                    "generated/outcontrol.php",
                    "generated/pcntl.php",
                    "generated/pcre.php",
                    "generated/pgsql.php",
                    "generated/posix.php",
                    "generated/ps.php",
                    "generated/pspell.php",
                    "generated/readline.php",
                    "generated/rnp.php",
                    "generated/rpminfo.php",
                    "generated/rrd.php",
                    "generated/sem.php",
                    "generated/session.php",
                    "generated/shmop.php",
                    "generated/sockets.php",
                    "generated/sodium.php",
                    "generated/solr.php",
                    "generated/spl.php",
                    "generated/sqlsrv.php",
                    "generated/ssdeep.php",
                    "generated/ssh2.php",
                    "generated/stream.php",
                    "generated/strings.php",
                    "generated/swoole.php",
                    "generated/uodbc.php",
                    "generated/uopz.php",
                    "generated/url.php",
                    "generated/var.php",
                    "generated/xdiff.php",
                    "generated/xml.php",
                    "generated/xmlrpc.php",
                    "generated/yaml.php",
                    "generated/yaz.php",
                    "generated/zip.php",
                    "generated/zlib.php"
                ],
                "classmap": [
                    "lib/DateTime.php",
                    "lib/DateTimeImmutable.php",
                    "lib/Exceptions/",
                    "generated/Exceptions/"
                ]
            },
            "notification-url": "https://packagist.org/downloads/",
            "license": [
                "MIT"
            ],
            "description": "PHP core functions that throw exceptions instead of returning FALSE on error",
            "support": {
                "issues": "https://github.com/thecodingmachine/safe/issues",
                "source": "https://github.com/thecodingmachine/safe/tree/v3.4.0"
            },
            "funding": [
                {
                    "url": "https://github.com/OskarStark",
                    "type": "github"
                },
                {
                    "url": "https://github.com/shish",
                    "type": "github"
                },
                {
                    "url": "https://github.com/silasjoisten",
                    "type": "github"
                },
                {
                    "url": "https://github.com/staabm",
                    "type": "github"
                }
            ],
            "time": "2026-02-04T18:08:13+00:00"
        }
    ],
    "aliases": [],
    "minimum-stability": "stable",
    "stability-flags": {},
    "prefer-stable": false,
    "prefer-lowest": false,
    "platform": {},
    "platform-dev": {},
    "plugin-api-version": "2.9.0"
}
